
Microsoft Visual Studio Solution File, Format Version 12.00
# Visual Studio Version 16
VisualStudioVersion = 16.0.30907.101
MinimumVisualStudioVersion = 10.0.40219.1
Project("{FAE04EC0-301F-11D3-BF4B-00C04F79EFBC}") = "LoginPaneliOlusturma", "LoginPaneliOlusturma\LoginPaneliOlusturma.csproj", "{157C9339-4A41-4EFA-96E7-2B54E1D9D6EF}"
EndProject
Global
	GlobalSection(SolutionConfigurationPlatforms) = preSolution
		Debug|Any CPU = Debug|Any CPU
		Release|Any CPU = Release|Any CPU
	EndGlobalSection
	GlobalSection(ProjectConfigurationPlatforms) = postSolution
		{157C9339-4A41-4EFA-96E7-2B54E1D9D6EF}.Debug|Any CPU.ActiveCfg = Debug|Any CPU
		{157C9339-4A41-4EFA-96E7-2B54E1D9D6EF}.Debug|Any CPU.Build.0 = Debug|Any CPU
		{157C9339-4A41-4EFA-96E7-2B54E1D9D6EF}.Release|Any CPU.ActiveCfg = Release|Any CPU
		{157C9339-4A41-4EFA-96E7-2B54E1D9D6EF}.Release|Any CPU.Build.0 = Release|Any CPU
	EndGlobalSection
	GlobalSection(SolutionProperties) = preSolution
		HideSolutionNode = FALSE
	EndGlobalSection
	GlobalSection(ExtensibilityGlobals) = postSolution
		SolutionGuid = {223D747E-A03F-46CE-8460-DAB798A9764E}
	EndGlobalSection
EndGlobal
